
Microsoft Visual Studio Solution File, Format Version 12.00
# Visual Studio Version 17
VisualStudioVersion = 17.0.31912.275
MinimumVisualStudioVersion = 10.0.40219.1
Project("{9A19103F-16F7-4668-BE54-9A1E7A4F7556}") = "BlazorSweeper", "BlazorSweeper\BlazorSweeper.csproj", "{69742FEF-1773-4DFB-A6E1-709A694E39D1}"
EndProject
Project("{FAE04EC0-301F-11D3-BF4B-00C04F79EFBC}") = "BerldSweeper", "BerldSweeper\BerldSweeper.csproj", "{2DA813B5-C84A-40C0-8D0B-B24B24505356}"
EndProject
Project("{FAE04EC0-301F-11D3-BF4B-00C04F79EFBC}") = "BerldSweeperEngine", "BerldSweeperEngine\BerldSweeperEngine.csproj", "{29AEEF14-E585-4D2B-A014-C0E8B6195ACD}"
EndProject
Global
	GlobalSection(SolutionConfigurationPlatforms) = preSolution
		Debug|Any CPU = Debug|Any CPU
		Release|Any CPU = Release|Any CPU
	EndGlobalSection
	GlobalSection(ProjectConfigurationPlatforms) = postSolution
		{69742FEF-1773-4DFB-A6E1-709A694E39D1}.Debug|Any CPU.ActiveCfg = Debug|Any CPU
		{69742FEF-1773-4DFB-A6E1-709A694E39D1}.Debug|Any CPU.Build.0 = Debug|Any CPU
		{69742FEF-1773-4DFB-A6E1-709A694E39D1}.Release|Any CPU.ActiveCfg = Release|Any CPU
		{69742FEF-1773-4DFB-A6E1-709A694E39D1}.Release|Any CPU.Build.0 = Release|Any CPU
		{2DA813B5-C84A-40C0-8D0B-B24B24505356}.Debug|Any CPU.ActiveCfg = Debug|Any CPU
		{2DA813B5-C84A-40C0-8D0B-B24B24505356}.Debug|Any CPU.Build.0 = Debug|Any CPU
		{2DA813B5-C84A-40C0-8D0B-B24B24505356}.Release|Any CPU.ActiveCfg = Release|Any CPU
		{2DA813B5-C84A-40C0-8D0B-B24B24505356}.Release|Any CPU.Build.0 = Release|Any CPU
		{29AEEF14-E585-4D2B-A014-C0E8B6195ACD}.Debug|Any CPU.ActiveCfg = Debug|Any CPU
		{29AEEF14-E585-4D2B-A014-C0E8B6195ACD}.Debug|Any CPU.Build.0 = Debug|Any CPU
		{29AEEF14-E585-4D2B-A014-C0E8B6195ACD}.Release|Any CPU.ActiveCfg = Release|Any CPU
		{29AEEF14-E585-4D2B-A014-C0E8B6195ACD}.Release|Any CPU.Build.0 = Release|Any CPU
	EndGlobalSection
	GlobalSection(SolutionProperties) = preSolution
		HideSolutionNode = FALSE
	EndGlobalSection
	GlobalSection(ExtensibilityGlobals) = postSolution
		SolutionGuid = {0FF93758-01D6-4FA4-A13B-B550B8CF1D13}
	EndGlobalSection
EndGlobal
